
Microsoft Visual Studio Solution File, Format Version 12.00
# Visual Studio Version 16
VisualStudioVersion = 16.0.30717.126
MinimumVisualStudioVersion = 10.0.40219.1
Project("{FAE04EC0-301F-11D3-BF4B-00C04F79EFBC}") = "Blog", "Blog\Blog.csproj", "{FE506504-50E3-450E-9228-A09815E9CA8D}"
EndProject
Global
	GlobalSection(SolutionConfigurationPlatforms) = preSolution
		Debug|Any CPU = Debug|Any CPU
		Release|Any CPU = Release|Any CPU
	EndGlobalSection
	GlobalSection(ProjectConfigurationPlatforms) = postSolution
		{FE506504-50E3-450E-9228-A09815E9CA8D}.Debug|Any CPU.ActiveCfg = Debug|Any CPU
		{FE506504-50E3-450E-9228-A09815E9CA8D}.Debug|Any CPU.Build.0 = Debug|Any CPU
		{FE506504-50E3-450E-9228-A09815E9CA8D}.Release|Any CPU.ActiveCfg = Release|Any CPU
		{FE506504-50E3-450E-9228-A09815E9CA8D}.Release|Any CPU.Build.0 = Release|Any CPU
	EndGlobalSection
	GlobalSection(SolutionProperties) = preSolution
		HideSolutionNode = FALSE
	EndGlobalSection
	GlobalSection(ExtensibilityGlobals) = postSolution
		SolutionGuid = {425EF289-6E75-4571-885E-7931B4C5A402}
	EndGlobalSection
EndGlobal
